// !$*UTF8*$!
{
	archiveVersion = 1;
	classes = {
	};
	objectVersion = 56;
	objects = {

/* Begin PBXBuildFile section */
		7E1F381D29AB785800F60435 /* states.json in Resources */ = {isa = PBXBuildFile; fileRef = 7E1F381C29AB785800F60435 /* states.json */; };
		7E1F382029AB812500F60435 /* StateList.swift in Sources */ = {isa = PBXBuildFile; fileRef = 7E1F381F29AB812500F60435 /* StateList.swift */; };
		7E1F382229AB817200F60435 /* CircleImage.swift in Sources */ = {isa = PBXBuildFile; fileRef = 7E1F382129AB817200F60435 /* CircleImage.swift */; };
		7E1F382429AB833200F60435 /* StateModel.swift in Sources */ = {isa = PBXBuildFile; fileRef = 7E1F382329AB833200F60435 /* StateModel.swift */; };
		7E1F382629AB84DD00F60435 /* ModelData.swift in Sources */ = {isa = PBXBuildFile; fileRef = 7E1F382529AB84DD00F60435 /* ModelData.swift */; };
		7E1F382829AB85BF00F60435 /* StateRow.swift in Sources */ = {isa = PBXBuildFile; fileRef = 7E1F382729AB85BF00F60435 /* StateRow.swift */; };
		7E1F382C29AB93F700F60435 /* StateDetail.swift in Sources */ = {isa = PBXBuildFile; fileRef = 7E1F382B29AB93F700F60435 /* StateDetail.swift */; };
		7E38B48F29B337AC0059B9F2 /* AssessmentManager.swift in Sources */ = {isa = PBXBuildFile; fileRef = 7E38B48E29B337AC0059B9F2 /* AssessmentManager.swift */; };
		7E38B49129B3489D0059B9F2 /* AssessmentQuestion.swift in Sources */ = {isa = PBXBuildFile; fileRef = 7E38B49029B3489D0059B9F2 /* AssessmentQuestion.swift */; };
		7E38B49429B349390059B9F2 /* QuestionModel+.swift in Sources */ = {isa = PBXBuildFile; fileRef = 7E38B49329B349390059B9F2 /* QuestionModel+.swift */; };
		7E38B49629B349610059B9F2 /* AssessmentQuestion+.swift in Sources */ = {isa = PBXBuildFile; fileRef = 7E38B49529B349610059B9F2 /* AssessmentQuestion+.swift */; };
		7E38B49929B379090059B9F2 /* LandingPage.swift in Sources */ = {isa = PBXBuildFile; fileRef = 7E38B49829B379090059B9F2 /* LandingPage.swift */; };
		7E38B49B29B3BE0A0059B9F2 /* AssessmentType.swift in Sources */ = {isa = PBXBuildFile; fileRef = 7E38B49A29B3BE0A0059B9F2 /* AssessmentType.swift */; };
		7E38B49E29B45F960059B9F2 /* LaunchScreenStep.swift in Sources */ = {isa = PBXBuildFile; fileRef = 7E38B49D29B45F960059B9F2 /* LaunchScreenStep.swift */; };
		7E38B4A129B460030059B9F2 /* LaunchScreenStateManager.swift in Sources */ = {isa = PBXBuildFile; fileRef = 7E38B4A029B460030059B9F2 /* LaunchScreenStateManager.swift */; };
		7E38B4A429B462700059B9F2 /* LaunchScreenView.swift in Sources */ = {isa = PBXBuildFile; fileRef = 7E38B4A329B462700059B9F2 /* LaunchScreenView.swift */; };
		7E38B4A629B483840059B9F2 /* ErrorWrapper.swift in Sources */ = {isa = PBXBuildFile; fileRef = 7E38B4A529B483840059B9F2 /* ErrorWrapper.swift */; };
		7E38B4A929B483DF0059B9F2 /* ErrorView.swift in Sources */ = {isa = PBXBuildFile; fileRef = 7E38B4A829B483DF0059B9F2 /* ErrorView.swift */; };
		7E38B4AB29B516F50059B9F2 /* PercentageView.swift in Sources */ = {isa = PBXBuildFile; fileRef = 7E38B4AA29B516F50059B9F2 /* PercentageView.swift */; };
		7E38B4AD29B600730059B9F2 /* StatisticsManager.swift in Sources */ = {isa = PBXBuildFile; fileRef = 7E38B4AC29B600730059B9F2 /* StatisticsManager.swift */; };
		7E38B4AF29B601300059B9F2 /* ChosenAnswer.swift in Sources */ = {isa = PBXBuildFile; fileRef = 7E38B4AE29B601300059B9F2 /* ChosenAnswer.swift */; };
		7E38B4B129B601E60059B9F2 /* CompletedExam.swift in Sources */ = {isa = PBXBuildFile; fileRef = 7E38B4B029B601E60059B9F2 /* CompletedExam.swift */; };
		7E38B4B329B76AFB0059B9F2 /* QuestionHistoryView.swift in Sources */ = {isa = PBXBuildFile; fileRef = 7E38B4B229B76AFB0059B9F2 /* QuestionHistoryView.swift */; };
		7E38B4B629B79F970059B9F2 /* SummaryView.swift in Sources */ = {isa = PBXBuildFile; fileRef = 7E38B4B529B79F970059B9F2 /* SummaryView.swift */; };
		7E38B4B929BC5CDD0059B9F2 /* CircularProgressView.swift in Sources */ = {isa = PBXBuildFile; fileRef = 7E38B4B829BC5CDD0059B9F2 /* CircularProgressView.swift */; };
		7E38B4BD29C24AF00059B9F2 /* swiftgen.yml in Resources */ = {isa = PBXBuildFile; fileRef = 7E38B4BC29C24AEF0059B9F2 /* swiftgen.yml */; };
		7E38B4BF29C24BA40059B9F2 /* .swiftlint.yml in Resources */ = {isa = PBXBuildFile; fileRef = 7E38B4BE29C24BA40059B9F2 /* .swiftlint.yml */; };
		7E3B0EFF29AB70F8004219B7 /* LebenInDeutschlandApp.swift in Sources */ = {isa = PBXBuildFile; fileRef = 7E3B0EFE29AB70F8004219B7 /* LebenInDeutschlandApp.swift */; };
		7E3B0F0129AB70F8004219B7 /* ContentView.swift in Sources */ = {isa = PBXBuildFile; fileRef = 7E3B0F0029AB70F8004219B7 /* ContentView.swift */; };
		7E3B0F0329AB70F9004219B7 /* Assets.xcassets in Resources */ = {isa = PBXBuildFile; fileRef = 7E3B0F0229AB70F9004219B7 /* Assets.xcassets */; };
		7E3B0F0629AB70F9004219B7 /* Preview Assets.xcassets in Resources */ = {isa = PBXBuildFile; fileRef = 7E3B0F0529AB70F9004219B7 /* Preview Assets.xcassets */; };
		7E56D93629C2532900AFB6B0 /* Localizable.strings in Resources */ = {isa = PBXBuildFile; fileRef = 7E56D93429C2532900AFB6B0 /* Localizable.strings */; };
		7E56D93A29C2549600AFB6B0 /* Assets.swift in Sources */ = {isa = PBXBuildFile; fileRef = 7E56D93829C2549600AFB6B0 /* Assets.swift */; };
		7E56D93B29C2549600AFB6B0 /* Localizable.swift in Sources */ = {isa = PBXBuildFile; fileRef = 7E56D93929C2549600AFB6B0 /* Localizable.swift */; };
		7E56D93E29C258E000AFB6B0 /* Constants.swift in Sources */ = {isa = PBXBuildFile; fileRef = 7E56D93D29C258E000AFB6B0 /* Constants.swift */; };
		7EDB84D929AB9C350043A793 /* QuestionModel.swift in Sources */ = {isa = PBXBuildFile; fileRef = 7EDB84D829AB9C350043A793 /* QuestionModel.swift */; };
		7EDB84DB29AB9CD20043A793 /* AnswerModel.swift in Sources */ = {isa = PBXBuildFile; fileRef = 7EDB84DA29AB9CD20043A793 /* AnswerModel.swift */; };
		7EDB84DD29ABA1F50043A793 /* questions.json in Resources */ = {isa = PBXBuildFile; fileRef = 7EDB84DC29ABA1F50043A793 /* questions.json */; };
		7EDB84DF29ABD10D0043A793 /* QuestionView.swift in Sources */ = {isa = PBXBuildFile; fileRef = 7EDB84DE29ABD10D0043A793 /* QuestionView.swift */; };
		DA1426F829B2346100846A29 /* Lottie in Frameworks */ = {isa = PBXBuildFile; productRef = DA1426F729B2346100846A29 /* Lottie */; };
		DA1426FB29B234B900846A29 /* correct_animation.json in Resources */ = {isa = PBXBuildFile; fileRef = DA1426FA29B234B900846A29 /* correct_animation.json */; };
		DA1426FD29B234F600846A29 /* LottieView.swift in Sources */ = {isa = PBXBuildFile; fileRef = DA1426FC29B234F600846A29 /* LottieView.swift */; };
		DA1426FF29B2392700846A29 /* wrong_animation.json in Resources */ = {isa = PBXBuildFile; fileRef = DA1426FE29B2392700846A29 /* wrong_animation.json */; };
		DA14270129B2404C00846A29 /* AssessmentView.swift in Sources */ = {isa = PBXBuildFile; fileRef = DA14270029B2404C00846A29 /* AssessmentView.swift */; };
		DA66E60529AE698D00B2B6B0 /* ColorInvert.swift in Sources */ = {isa = PBXBuildFile; fileRef = DA66E60429AE698D00B2B6B0 /* ColorInvert.swift */; };
		DA66E60729AE6A7200B2B6B0 /* RadioButton.swift in Sources */ = {isa = PBXBuildFile; fileRef = DA66E60629AE6A7200B2B6B0 /* RadioButton.swift */; };
		DA66E60929AE6CBA00B2B6B0 /* RadioButtonGroup.swift in Sources */ = {isa = PBXBuildFile; fileRef = DA66E60829AE6CBA00B2B6B0 /* RadioButtonGroup.swift */; };
/* End PBXBuildFile section */

/* Begin PBXFileReference section */
		7E1F381C29AB785800F60435 /* states.json */ = {isa = PBXFileReference; lastKnownFileType = text.json; path = states.json; sourceTree = "<group>"; };
		7E1F381F29AB812500F60435 /* StateList.swift */ = {isa = PBXFileReference; lastKnownFileType = sourcecode.swift; path = StateList.swift; sourceTree = "<group>"; };
		7E1F382129AB817200F60435 /* CircleImage.swift */ = {isa = PBXFileReference; lastKnownFileType = sourcecode.swift; path = CircleImage.swift; sourceTree = "<group>"; };
		7E1F382329AB833200F60435 /* StateModel.swift */ = {isa = PBXFileReference; lastKnownFileType = sourcecode.swift; path = StateModel.swift; sourceTree = "<group>"; };
		7E1F382529AB84DD00F60435 /* ModelData.swift */ = {isa = PBXFileReference; lastKnownFileType = sourcecode.swift; path = ModelData.swift; sourceTree = "<group>"; };
		7E1F382729AB85BF00F60435 /* StateRow.swift */ = {isa = PBXFileReference; lastKnownFileType = sourcecode.swift; path = StateRow.swift; sourceTree = "<group>"; };
		7E1F382B29AB93F700F60435 /* StateDetail.swift */ = {isa = PBXFileReference; lastKnownFileType = sourcecode.swift; path = StateDetail.swift; sourceTree = "<group>"; };
		7E38B48E29B337AC0059B9F2 /* AssessmentManager.swift */ = {isa = PBXFileReference; lastKnownFileType = sourcecode.swift; path = AssessmentManager.swift; sourceTree = "<group>"; };
		7E38B49029B3489D0059B9F2 /* AssessmentQuestion.swift */ = {isa = PBXFileReference; lastKnownFileType = sourcecode.swift; path = AssessmentQuestion.swift; sourceTree = "<group>"; };
		7E38B49329B349390059B9F2 /* QuestionModel+.swift */ = {isa = PBXFileReference; lastKnownFileType = sourcecode.swift; path = "QuestionModel+.swift"; sourceTree = "<group>"; };
		7E38B49529B349610059B9F2 /* AssessmentQuestion+.swift */ = {isa = PBXFileReference; lastKnownFileType = sourcecode.swift; path = "AssessmentQuestion+.swift"; sourceTree = "<group>"; };
		7E38B49829B379090059B9F2 /* LandingPage.swift */ = {isa = PBXFileReference; lastKnownFileType = sourcecode.swift; path = LandingPage.swift; sourceTree = "<group>"; };
		7E38B49A29B3BE0A0059B9F2 /* AssessmentType.swift */ = {isa = PBXFileReference; lastKnownFileType = sourcecode.swift; path = AssessmentType.swift; sourceTree = "<group>"; };
		7E38B49D29B45F960059B9F2 /* LaunchScreenStep.swift */ = {isa = PBXFileReference; lastKnownFileType = sourcecode.swift; path = LaunchScreenStep.swift; sourceTree = "<group>"; };
		7E38B4A029B460030059B9F2 /* LaunchScreenStateManager.swift */ = {isa = PBXFileReference; lastKnownFileType = sourcecode.swift; path = LaunchScreenStateManager.swift; sourceTree = "<group>"; };
		7E38B4A329B462700059B9F2 /* LaunchScreenView.swift */ = {isa = PBXFileReference; lastKnownFileType = sourcecode.swift; path = LaunchScreenView.swift; sourceTree = "<group>"; };
		7E38B4A529B483840059B9F2 /* ErrorWrapper.swift */ = {isa = PBXFileReference; lastKnownFileType = sourcecode.swift; path = ErrorWrapper.swift; sourceTree = "<group>"; };
		7E38B4A829B483DF0059B9F2 /* ErrorView.swift */ = {isa = PBXFileReference; lastKnownFileType = sourcecode.swift; path = ErrorView.swift; sourceTree = "<group>"; };
		7E38B4AA29B516F50059B9F2 /* PercentageView.swift */ = {isa = PBXFileReference; lastKnownFileType = sourcecode.swift; path = PercentageView.swift; sourceTree = "<group>"; };
		7E38B4AC29B600730059B9F2 /* StatisticsManager.swift */ = {isa = PBXFileReference; lastKnownFileType = sourcecode.swift; path = StatisticsManager.swift; sourceTree = "<group>"; };
		7E38B4AE29B601300059B9F2 /* ChosenAnswer.swift */ = {isa = PBXFileReference; lastKnownFileType = sourcecode.swift; path = ChosenAnswer.swift; sourceTree = "<group>"; };
		7E38B4B029B601E60059B9F2 /* CompletedExam.swift */ = {isa = PBXFileReference; lastKnownFileType = sourcecode.swift; path = CompletedExam.swift; sourceTree = "<group>"; };
		7E38B4B229B76AFB0059B9F2 /* QuestionHistoryView.swift */ = {isa = PBXFileReference; lastKnownFileType = sourcecode.swift; path = QuestionHistoryView.swift; sourceTree = "<group>"; };
		7E38B4B529B79F970059B9F2 /* SummaryView.swift */ = {isa = PBXFileReference; lastKnownFileType = sourcecode.swift; path = SummaryView.swift; sourceTree = "<group>"; };
		7E38B4B829BC5CDD0059B9F2 /* CircularProgressView.swift */ = {isa = PBXFileReference; lastKnownFileType = sourcecode.swift; path = CircularProgressView.swift; sourceTree = "<group>"; };
		7E38B4BC29C24AEF0059B9F2 /* swiftgen.yml */ = {isa = PBXFileReference; fileEncoding = 4; lastKnownFileType = text.yaml; path = swiftgen.yml; sourceTree = SOURCE_ROOT; };
		7E38B4BE29C24BA40059B9F2 /* .swiftlint.yml */ = {isa = PBXFileReference; fileEncoding = 4; lastKnownFileType = text.yaml; path = .swiftlint.yml; sourceTree = SOURCE_ROOT; };
		7E3B0EFB29AB70F8004219B7 /* LebenInDeutschland.app */ = {isa = PBXFileReference; explicitFileType = wrapper.application; includeInIndex = 0; path = LebenInDeutschland.app; sourceTree = BUILT_PRODUCTS_DIR; };
		7E3B0EFE29AB70F8004219B7 /* LebenInDeutschlandApp.swift */ = {isa = PBXFileReference; lastKnownFileType = sourcecode.swift; path = LebenInDeutschlandApp.swift; sourceTree = "<group>"; };
		7E3B0F0029AB70F8004219B7 /* ContentView.swift */ = {isa = PBXFileReference; lastKnownFileType = sourcecode.swift; path = ContentView.swift; sourceTree = "<group>"; };
		7E3B0F0229AB70F9004219B7 /* Assets.xcassets */ = {isa = PBXFileReference; lastKnownFileType = folder.assetcatalog; path = Assets.xcassets; sourceTree = "<group>"; };
		7E3B0F0529AB70F9004219B7 /* Preview Assets.xcassets */ = {isa = PBXFileReference; lastKnownFileType = folder.assetcatalog; path = "Preview Assets.xcassets"; sourceTree = "<group>"; };
		7E56D93529C2532900AFB6B0 /* en */ = {isa = PBXFileReference; lastKnownFileType = text.plist.strings; name = en; path = en.lproj/Localizable.strings; sourceTree = "<group>"; };
		7E56D93729C2533600AFB6B0 /* de */ = {isa = PBXFileReference; lastKnownFileType = text.plist.strings; name = de; path = de.lproj/Localizable.strings; sourceTree = "<group>"; };
		7E56D93829C2549600AFB6B0 /* Assets.swift */ = {isa = PBXFileReference; fileEncoding = 4; lastKnownFileType = sourcecode.swift; path = Assets.swift; sourceTree = "<group>"; };
		7E56D93929C2549600AFB6B0 /* Localizable.swift */ = {isa = PBXFileReference; fileEncoding = 4; lastKnownFileType = sourcecode.swift; path = Localizable.swift; sourceTree = "<group>"; };
		7E56D93D29C258E000AFB6B0 /* Constants.swift */ = {isa = PBXFileReference; lastKnownFileType = sourcecode.swift; path = Constants.swift; sourceTree = "<group>"; };
		7EDB84D829AB9C350043A793 /* QuestionModel.swift */ = {isa = PBXFileReference; lastKnownFileType = sourcecode.swift; path = QuestionModel.swift; sourceTree = "<group>"; };
		7EDB84DA29AB9CD20043A793 /* AnswerModel.swift */ = {isa = PBXFileReference; lastKnownFileType = sourcecode.swift; path = AnswerModel.swift; sourceTree = "<group>"; };
		7EDB84DC29ABA1F50043A793 /* questions.json */ = {isa = PBXFileReference; lastKnownFileType = text.json; path = questions.json; sourceTree = "<group>"; };
		7EDB84DE29ABD10D0043A793 /* QuestionView.swift */ = {isa = PBXFileReference; lastKnownFileType = sourcecode.swift; path = QuestionView.swift; sourceTree = "<group>"; };
		DA1426FA29B234B900846A29 /* correct_animation.json */ = {isa = PBXFileReference; fileEncoding = 4; lastKnownFileType = text.json; path = correct_animation.json; sourceTree = "<group>"; };
		DA1426FC29B234F600846A29 /* LottieView.swift */ = {isa = PBXFileReference; lastKnownFileType = sourcecode.swift; path = LottieView.swift; sourceTree = "<group>"; };
		DA1426FE29B2392700846A29 /* wrong_animation.json */ = {isa = PBXFileReference; fileEncoding = 4; lastKnownFileType = text.json; path = wrong_animation.json; sourceTree = "<group>"; };
		DA14270029B2404C00846A29 /* AssessmentView.swift */ = {isa = PBXFileReference; lastKnownFileType = sourcecode.swift; name = AssessmentView.swift; path = LebenInDeutschland/Views/Helpers/AssessmentView.swift; sourceTree = SOURCE_ROOT; };
		DA66E60429AE698D00B2B6B0 /* ColorInvert.swift */ = {isa = PBXFileReference; lastKnownFileType = sourcecode.swift; path = ColorInvert.swift; sourceTree = "<group>"; };
		DA66E60629AE6A7200B2B6B0 /* RadioButton.swift */ = {isa = PBXFileReference; lastKnownFileType = sourcecode.swift; path = RadioButton.swift; sourceTree = "<group>"; };
		DA66E60829AE6CBA00B2B6B0 /* RadioButtonGroup.swift */ = {isa = PBXFileReference; lastKnownFileType = sourcecode.swift; path = RadioButtonGroup.swift; sourceTree = "<group>"; };
/* End PBXFileReference section */

/* Begin PBXFrameworksBuildPhase section */
		7E3B0EF829AB70F8004219B7 /* Frameworks */ = {
			isa = PBXFrameworksBuildPhase;
			buildActionMask = 2147483647;
			files = (
				DA1426F829B2346100846A29 /* Lottie in Frameworks */,
			);
			runOnlyForDeploymentPostprocessing = 0;
		};
/* End PBXFrameworksBuildPhase section */

/* Begin PBXGroup section */
		7E1F381529AB733200F60435 /* Views */ = {
			isa = PBXGroup;
			children = (
				7E38B4B429B79F690059B9F2 /* Statistics */,
				7E38B4A729B483CF0059B9F2 /* Errors */,
				7E38B4A229B4624F0059B9F2 /* LaunchScreen */,
				7E38B49729B378F70059B9F2 /* LandingPage */,
				7E1F382D29AB95C300F60435 /* Questions */,
				7E1F381E29AB80C400F60435 /* States */,
				7E1F381B29AB743000F60435 /* Assessment */,
				7E1F381A29AB740B00F60435 /* Profiles */,
				7E1F381929AB73DA00F60435 /* Onboarding */,
				7E1F381829AB73A900F60435 /* Helpers */,
				7E3B0F0029AB70F8004219B7 /* ContentView.swift */,
			);
			path = Views;
			sourceTree = "<group>";
		};
		7E1F381629AB733C00F60435 /* Model */ = {
			isa = PBXGroup;
			children = (
				7E38B49A29B3BE0A0059B9F2 /* AssessmentType.swift */,
				7E38B49C29B45F590059B9F2 /* LaunchScreen */,
				7E38B49229B3491E0059B9F2 /* Extensions */,
				7E1F382529AB84DD00F60435 /* ModelData.swift */,
				7E1F382329AB833200F60435 /* StateModel.swift */,
				7EDB84D829AB9C350043A793 /* QuestionModel.swift */,
				7EDB84DA29AB9CD20043A793 /* AnswerModel.swift */,
				7E38B49029B3489D0059B9F2 /* AssessmentQuestion.swift */,
				7E38B4A529B483840059B9F2 /* ErrorWrapper.swift */,
				7E38B4AE29B601300059B9F2 /* ChosenAnswer.swift */,
				7E38B4B029B601E60059B9F2 /* CompletedExam.swift */,
			);
			path = Model;
			sourceTree = "<group>";
		};
		7E1F381729AB734E00F60435 /* Resources */ = {
			isa = PBXGroup;
			children = (
				7E56D93429C2532900AFB6B0 /* Localizable.strings */,
				7E38B4C029C24ECD0059B9F2 /* Generated */,
				7E3B0F0229AB70F9004219B7 /* Assets.xcassets */,
				7E38B4BE29C24BA40059B9F2 /* .swiftlint.yml */,
				7E38B4BC29C24AEF0059B9F2 /* swiftgen.yml */,
				DA1426F929B2348E00846A29 /* Lottie */,
				7E1F381C29AB785800F60435 /* states.json */,
				7EDB84DC29ABA1F50043A793 /* questions.json */,
			);
			path = Resources;
			sourceTree = "<group>";
		};
		7E1F381829AB73A900F60435 /* Helpers */ = {
			isa = PBXGroup;
			children = (
				7E38B4B729BC5C580059B9F2 /* ProgressViews */,
				DA66E60329AE680100B2B6B0 /* RadioButtons */,
				7E1F382129AB817200F60435 /* CircleImage.swift */,
				DA1426FC29B234F600846A29 /* LottieView.swift */,
			);
			path = Helpers;
			sourceTree = "<group>";
		};
		7E1F381929AB73DA00F60435 /* Onboarding */ = {
			isa = PBXGroup;
			children = (
			);
			path = Onboarding;
			sourceTree = "<group>";
		};
		7E1F381A29AB740B00F60435 /* Profiles */ = {
			isa = PBXGroup;
			children = (
			);
			path = Profiles;
			sourceTree = "<group>";
		};
		7E1F381B29AB743000F60435 /* Assessment */ = {
			isa = PBXGroup;
			children = (
				DA14270029B2404C00846A29 /* AssessmentView.swift */,
			);
			path = Assessment;
			sourceTree = "<group>";
		};
		7E1F381E29AB80C400F60435 /* States */ = {
			isa = PBXGroup;
			children = (
				7E1F381F29AB812500F60435 /* StateList.swift */,
				7E1F382729AB85BF00F60435 /* StateRow.swift */,
				7E1F382B29AB93F700F60435 /* StateDetail.swift */,
			);
			path = States;
			sourceTree = "<group>";
		};
		7E1F382D29AB95C300F60435 /* Questions */ = {
			isa = PBXGroup;
			children = (
				7EDB84DE29ABD10D0043A793 /* QuestionView.swift */,
				7E38B4B229B76AFB0059B9F2 /* QuestionHistoryView.swift */,
			);
			path = Questions;
			sourceTree = "<group>";
		};
		7E38B49229B3491E0059B9F2 /* Extensions */ = {
			isa = PBXGroup;
			children = (
				7E38B49329B349390059B9F2 /* QuestionModel+.swift */,
				7E38B49529B349610059B9F2 /* AssessmentQuestion+.swift */,
			);
			path = Extensions;
			sourceTree = "<group>";
		};
		7E38B49729B378F70059B9F2 /* LandingPage */ = {
			isa = PBXGroup;
			children = (
				7E38B49829B379090059B9F2 /* LandingPage.swift */,
			);
			path = LandingPage;
			sourceTree = "<group>";
		};
		7E38B49C29B45F590059B9F2 /* LaunchScreen */ = {
			isa = PBXGroup;
			children = (
				7E38B49D29B45F960059B9F2 /* LaunchScreenStep.swift */,
			);
			path = LaunchScreen;
			sourceTree = "<group>";
		};
		7E38B49F29B45FE20059B9F2 /* Manager */ = {
			isa = PBXGroup;
			children = (
				7E38B4A029B460030059B9F2 /* LaunchScreenStateManager.swift */,
				7E38B48E29B337AC0059B9F2 /* AssessmentManager.swift */,
				7E38B4AC29B600730059B9F2 /* StatisticsManager.swift */,
			);
			path = Manager;
			sourceTree = "<group>";
		};
		7E38B4A229B4624F0059B9F2 /* LaunchScreen */ = {
			isa = PBXGroup;
			children = (
				7E38B4A329B462700059B9F2 /* LaunchScreenView.swift */,
			);
			path = LaunchScreen;
			sourceTree = "<group>";
		};
		7E38B4A729B483CF0059B9F2 /* Errors */ = {
			isa = PBXGroup;
			children = (
				7E38B4A829B483DF0059B9F2 /* ErrorView.swift */,
			);
			path = Errors;
			sourceTree = "<group>";
		};
		7E38B4B429B79F690059B9F2 /* Statistics */ = {
			isa = PBXGroup;
			children = (
				7E38B4B529B79F970059B9F2 /* SummaryView.swift */,
			);
			path = Statistics;
			sourceTree = "<group>";
		};
		7E38B4B729BC5C580059B9F2 /* ProgressViews */ = {
			isa = PBXGroup;
			children = (
				7E38B4AA29B516F50059B9F2 /* PercentageView.swift */,
				7E38B4B829BC5CDD0059B9F2 /* CircularProgressView.swift */,
			);
			path = ProgressViews;
			sourceTree = "<group>";
		};
		7E38B4C029C24ECD0059B9F2 /* Generated */ = {
			isa = PBXGroup;
			children = (
				7E56D93829C2549600AFB6B0 /* Assets.swift */,
				7E56D93929C2549600AFB6B0 /* Localizable.swift */,
			);
			path = Generated;
			sourceTree = "<group>";
		};
		7E3B0EF229AB70F8004219B7 = {
			isa = PBXGroup;
			children = (
				7E3B0EFD29AB70F8004219B7 /* LebenInDeutschland */,
				7E3B0EFC29AB70F8004219B7 /* Products */,
			);
			sourceTree = "<group>";
		};
		7E3B0EFC29AB70F8004219B7 /* Products */ = {
			isa = PBXGroup;
			children = (
				7E3B0EFB29AB70F8004219B7 /* LebenInDeutschland.app */,
			);
			name = Products;
			sourceTree = "<group>";
		};
		7E3B0EFD29AB70F8004219B7 /* LebenInDeutschland */ = {
			isa = PBXGroup;
			children = (
				7E56D93C29C258C500AFB6B0 /* Application */,
				7E38B49F29B45FE20059B9F2 /* Manager */,
				7E1F381729AB734E00F60435 /* Resources */,
				7E1F381629AB733C00F60435 /* Model */,
				7E1F381529AB733200F60435 /* Views */,
				7E3B0EFE29AB70F8004219B7 /* LebenInDeutschlandApp.swift */,
				7E3B0F0429AB70F9004219B7 /* Preview Content */,
			);
			path = LebenInDeutschland;
			sourceTree = "<group>";
		};
		7E3B0F0429AB70F9004219B7 /* Preview Content */ = {
			isa = PBXGroup;
			children = (
				7E3B0F0529AB70F9004219B7 /* Preview Assets.xcassets */,
			);
			path = "Preview Content";
			sourceTree = "<group>";
		};
		7E56D93C29C258C500AFB6B0 /* Application */ = {
			isa = PBXGroup;
			children = (
				7E56D93D29C258E000AFB6B0 /* Constants.swift */,
			);
			path = Application;
			sourceTree = "<group>";
		};
		DA1426F929B2348E00846A29 /* Lottie */ = {
			isa = PBXGroup;
			children = (
				DA1426FE29B2392700846A29 /* wrong_animation.json */,
				DA1426FA29B234B900846A29 /* correct_animation.json */,
			);
			path = Lottie;
			sourceTree = "<group>";
		};
		DA66E60329AE680100B2B6B0 /* RadioButtons */ = {
			isa = PBXGroup;
			children = (
				DA66E60429AE698D00B2B6B0 /* ColorInvert.swift */,
				DA66E60629AE6A7200B2B6B0 /* RadioButton.swift */,
				DA66E60829AE6CBA00B2B6B0 /* RadioButtonGroup.swift */,
			);
			path = RadioButtons;
			sourceTree = "<group>";
		};
/* End PBXGroup section */

/* Begin PBXNativeTarget section */
		7E3B0EFA29AB70F8004219B7 /* LebenInDeutschland */ = {
			isa = PBXNativeTarget;
			buildConfigurationList = 7E3B0F0929AB70F9004219B7 /* Build configuration list for PBXNativeTarget "LebenInDeutschland" */;
			buildPhases = (
				7E38B4BB29C1F74B0059B9F2 /* SwiftGen */,
				7E3B0EF729AB70F8004219B7 /* Sources */,
				7E3B0EF829AB70F8004219B7 /* Frameworks */,
				7E3B0EF929AB70F8004219B7 /* Resources */,
				7E38B4BA29C1F2870059B9F2 /* Swiftlint */,
			);
			buildRules = (
			);
			dependencies = (
			);
			name = LebenInDeutschland;
			packageProductDependencies = (
				DA1426F729B2346100846A29 /* Lottie */,
			);
			productName = LebenInDeutschland;
			productReference = 7E3B0EFB29AB70F8004219B7 /* LebenInDeutschland.app */;
			productType = "com.apple.product-type.application";
		};
/* End PBXNativeTarget section */

/* Begin PBXProject section */
		7E3B0EF329AB70F8004219B7 /* Project object */ = {
			isa = PBXProject;
			attributes = {
				BuildIndependentTargetsInParallel = 1;
				LastSwiftUpdateCheck = 1420;
				LastUpgradeCheck = 1420;
				TargetAttributes = {
					7E3B0EFA29AB70F8004219B7 = {
						CreatedOnToolsVersion = 14.2;
					};
				};
			};
			buildConfigurationList = 7E3B0EF629AB70F8004219B7 /* Build configuration list for PBXProject "LebenInDeutschland" */;
			compatibilityVersion = "Xcode 14.0";
			developmentRegion = en;
			hasScannedForEncodings = 0;
			knownRegions = (
				en,
				Base,
				de,
			);
			mainGroup = 7E3B0EF229AB70F8004219B7;
			packageReferences = (
				DA1426F629B2346100846A29 /* XCRemoteSwiftPackageReference "lottie-ios" */,
			);
			productRefGroup = 7E3B0EFC29AB70F8004219B7 /* Products */;
			projectDirPath = "";
			projectRoot = "";
			targets = (
				7E3B0EFA29AB70F8004219B7 /* LebenInDeutschland */,
			);
		};
/* End PBXProject section */

/* Begin PBXResourcesBuildPhase section */
		7E3B0EF929AB70F8004219B7 /* Resources */ = {
			isa = PBXResourcesBuildPhase;
			buildActionMask = 2147483647;
			files = (
				7E38B4BF29C24BA40059B9F2 /* .swiftlint.yml in Resources */,
				7E3B0F0629AB70F9004219B7 /* Preview Assets.xcassets in Resources */,
				7E38B4BD29C24AF00059B9F2 /* swiftgen.yml in Resources */,
				DA1426FB29B234B900846A29 /* correct_animation.json in Resources */,
				7E56D93629C2532900AFB6B0 /* Localizable.strings in Resources */,
				7EDB84DD29ABA1F50043A793 /* questions.json in Resources */,
				DA1426FF29B2392700846A29 /* wrong_animation.json in Resources */,
				7E3B0F0329AB70F9004219B7 /* Assets.xcassets in Resources */,
				7E1F381D29AB785800F60435 /* states.json in Resources */,
			);
			runOnlyForDeploymentPostprocessing = 0;
		};
/* End PBXResourcesBuildPhase section */

/* Begin PBXShellScriptBuildPhase section */
		7E38B4BA29C1F2870059B9F2 /* Swiftlint */ = {
			isa = PBXShellScriptBuildPhase;
			buildActionMask = 2147483647;
			files = (
			);
			inputFileListPaths = (
			);
			inputPaths = (
			);
			name = Swiftlint;
			outputFileListPaths = (
			);
			outputPaths = (
			);
			runOnlyForDeploymentPostprocessing = 0;
			shellPath = /bin/sh;
			shellScript = "\"${PROJECT_DIR}/scripts/swiftlint/swiftlint\" --fix && \"${PROJECT_DIR}/scripts/swiftlint/swiftlint\"\n";
		};
		7E38B4BB29C1F74B0059B9F2 /* SwiftGen */ = {
			isa = PBXShellScriptBuildPhase;
			buildActionMask = 2147483647;
			files = (
			);
			inputFileListPaths = (
			);
			inputPaths = (
			);
			name = SwiftGen;
			outputFileListPaths = (
			);
			outputPaths = (
			);
			runOnlyForDeploymentPostprocessing = 0;
			shellPath = /bin/sh;
			shellScript = "\"$PROJECT_DIR/scripts/swiftgen/bin/swiftgen\"\n";
		};
/* End PBXShellScriptBuildPhase section */

/* Begin PBXSourcesBuildPhase section */
		7E3B0EF729AB70F8004219B7 /* Sources */ = {
			isa = PBXSourcesBuildPhase;
			buildActionMask = 2147483647;
			files = (
				7E38B4A629B483840059B9F2 /* ErrorWrapper.swift in Sources */,
				7E1F382C29AB93F700F60435 /* StateDetail.swift in Sources */,
				7E3B0F0129AB70F8004219B7 /* ContentView.swift in Sources */,
				DA1426FD29B234F600846A29 /* LottieView.swift in Sources */,
				7E1F382229AB817200F60435 /* CircleImage.swift in Sources */,
				7E38B49129B3489D0059B9F2 /* AssessmentQuestion.swift in Sources */,
				7E38B4A429B462700059B9F2 /* LaunchScreenView.swift in Sources */,
				7E38B4A929B483DF0059B9F2 /* ErrorView.swift in Sources */,
				7E56D93A29C2549600AFB6B0 /* Assets.swift in Sources */,
				7E38B4AB29B516F50059B9F2 /* PercentageView.swift in Sources */,
				DA66E60929AE6CBA00B2B6B0 /* RadioButtonGroup.swift in Sources */,
				DA66E60529AE698D00B2B6B0 /* ColorInvert.swift in Sources */,
				7E38B4B129B601E60059B9F2 /* CompletedExam.swift in Sources */,
				7E38B49429B349390059B9F2 /* QuestionModel+.swift in Sources */,
				7E38B4AD29B600730059B9F2 /* StatisticsManager.swift in Sources */,
				7E38B4A129B460030059B9F2 /* LaunchScreenStateManager.swift in Sources */,
				7E38B49B29B3BE0A0059B9F2 /* AssessmentType.swift in Sources */,
				7E3B0EFF29AB70F8004219B7 /* LebenInDeutschlandApp.swift in Sources */,
				7E1F382829AB85BF00F60435 /* StateRow.swift in Sources */,
				7EDB84DB29AB9CD20043A793 /* AnswerModel.swift in Sources */,
				DA66E60729AE6A7200B2B6B0 /* RadioButton.swift in Sources */,
				7E38B49629B349610059B9F2 /* AssessmentQuestion+.swift in Sources */,
				7E38B49E29B45F960059B9F2 /* LaunchScreenStep.swift in Sources */,
				7E38B4AF29B601300059B9F2 /* ChosenAnswer.swift in Sources */,
				7E1F382429AB833200F60435 /* StateModel.swift in Sources */,
				7E38B4B929BC5CDD0059B9F2 /* CircularProgressView.swift in Sources */,
				7E38B49929B379090059B9F2 /* LandingPage.swift in Sources */,
				7E38B4B329B76AFB0059B9F2 /* QuestionHistoryView.swift in Sources */,
				7EDB84DF29ABD10D0043A793 /* QuestionView.swift in Sources */,
				7EDB84D929AB9C350043A793 /* QuestionModel.swift in Sources */,
				7E1F382029AB812500F60435 /* StateList.swift in Sources */,
				7E38B48F29B337AC0059B9F2 /* AssessmentManager.swift in Sources */,
				7E1F382629AB84DD00F60435 /* ModelData.swift in Sources */,
				DA14270129B2404C00846A29 /* AssessmentView.swift in Sources */,
				7E56D93B29C2549600AFB6B0 /* Localizable.swift in Sources */,
				7E56D93E29C258E000AFB6B0 /* Constants.swift in Sources */,
				7E38B4B629B79F970059B9F2 /* SummaryView.swift in Sources */,
			);
			runOnlyForDeploymentPostprocessing = 0;
		};
/* End PBXSourcesBuildPhase section */

/* Begin PBXVariantGroup section */
		7E56D93429C2532900AFB6B0 /* Localizable.strings */ = {
			isa = PBXVariantGroup;
			children = (
				7E56D93529C2532900AFB6B0 /* en */,
				7E56D93729C2533600AFB6B0 /* de */,
			);
			name = Localizable.strings;
			sourceTree = "<group>";
		};
/* End PBXVariantGroup section */

/* Begin XCBuildConfiguration section */
		7E3B0F0729AB70F9004219B7 /* Debug */ = {
			isa = XCBuildConfiguration;
			buildSettings = {
				ALWAYS_SEARCH_USER_PATHS = NO;
				CLANG_ANALYZER_NONNULL = YES;
				CLANG_ANALYZER_NUMBER_OBJECT_CONVERSION = YES_AGGRESSIVE;
				CLANG_CXX_LANGUAGE_STANDARD = "gnu++20";
				CLANG_ENABLE_MODULES = YES;
				CLANG_ENABLE_OBJC_ARC = YES;
				CLANG_ENABLE_OBJC_WEAK = YES;
				CLANG_WARN_BLOCK_CAPTURE_AUTORELEASING = YES;
				CLANG_WARN_BOOL_CONVERSION = YES;
				CLANG_WARN_COMMA = YES;
				CLANG_WARN_CONSTANT_CONVERSION = YES;
				CLANG_WARN_DEPRECATED_OBJC_IMPLEMENTATIONS = YES;
				CLANG_WARN_DIRECT_OBJC_ISA_USAGE = YES_ERROR;
				CLANG_WARN_DOCUMENTATION_COMMENTS = YES;
				CLANG_WARN_EMPTY_BODY = YES;
				CLANG_WARN_ENUM_CONVERSION = YES;
				CLANG_WARN_INFINITE_RECURSION = YES;
				CLANG_WARN_INT_CONVERSION = YES;
				CLANG_WARN_NON_LITERAL_NULL_CONVERSION = YES;
				CLANG_WARN_OBJC_IMPLICIT_RETAIN_SELF = YES;
				CLANG_WARN_OBJC_LITERAL_CONVERSION = YES;
				CLANG_WARN_OBJC_ROOT_CLASS = YES_ERROR;
				CLANG_WARN_QUOTED_INCLUDE_IN_FRAMEWORK_HEADER = YES;
				CLANG_WARN_RANGE_LOOP_ANALYSIS = YES;
				CLANG_WARN_STRICT_PROTOTYPES = YES;
				CLANG_WARN_SUSPICIOUS_MOVE = YES;
				CLANG_WARN_UNGUARDED_AVAILABILITY = YES_AGGRESSIVE;
				CLANG_WARN_UNREACHABLE_CODE = YES;
				CLANG_WARN__DUPLICATE_METHOD_MATCH = YES;
				COPY_PHASE_STRIP = NO;
				DEBUG_INFORMATION_FORMAT = dwarf;
				ENABLE_STRICT_OBJC_MSGSEND = YES;
				ENABLE_TESTABILITY = YES;
				GCC_C_LANGUAGE_STANDARD = gnu11;
				GCC_DYNAMIC_NO_PIC = NO;
				GCC_NO_COMMON_BLOCKS = YES;
				GCC_OPTIMIZATION_LEVEL = 0;
				GCC_PREPROCESSOR_DEFINITIONS = (
					"DEBUG=1",
					"$(inherited)",
				);
				GCC_WARN_64_TO_32_BIT_CONVERSION = YES;
				GCC_WARN_ABOUT_RETURN_TYPE = YES_ERROR;
				GCC_WARN_UNDECLARED_SELECTOR = YES;
				GCC_WARN_UNINITIALIZED_AUTOS = YES_AGGRESSIVE;
				GCC_WARN_UNUSED_FUNCTION = YES;
				GCC_WARN_UNUSED_VARIABLE = YES;
				IPHONEOS_DEPLOYMENT_TARGET = 16.2;
				MTL_ENABLE_DEBUG_INFO = INCLUDE_SOURCE;
				MTL_FAST_MATH = YES;
				ONLY_ACTIVE_ARCH = YES;
				SDKROOT = iphoneos;
				SWIFT_ACTIVE_COMPILATION_CONDITIONS = DEBUG;
				SWIFT_OPTIMIZATION_LEVEL = "-Onone";
			};
			name = Debug;
		};
		7E3B0F0829AB70F9004219B7 /* Release */ = {
			isa = XCBuildConfiguration;
			buildSettings = {
				ALWAYS_SEARCH_USER_PATHS = NO;
				CLANG_ANALYZER_NONNULL = YES;
				CLANG_ANALYZER_NUMBER_OBJECT_CONVERSION = YES_AGGRESSIVE;
				CLANG_CXX_LANGUAGE_STANDARD = "gnu++20";
				CLANG_ENABLE_MODULES = YES;
				CLANG_ENABLE_OBJC_ARC = YES;
				CLANG_ENABLE_OBJC_WEAK = YES;
				CLANG_WARN_BLOCK_CAPTURE_AUTORELEASING = YES;
				CLANG_WARN_BOOL_CONVERSION = YES;
				CLANG_WARN_COMMA = YES;
				CLANG_WARN_CONSTANT_CONVERSION = YES;
				CLANG_WARN_DEPRECATED_OBJC_IMPLEMENTATIONS = YES;
				CLANG_WARN_DIRECT_OBJC_ISA_USAGE = YES_ERROR;
				CLANG_WARN_DOCUMENTATION_COMMENTS = YES;
				CLANG_WARN_EMPTY_BODY = YES;
				CLANG_WARN_ENUM_CONVERSION = YES;
				CLANG_WARN_INFINITE_RECURSION = YES;
				CLANG_WARN_INT_CONVERSION = YES;
				CLANG_WARN_NON_LITERAL_NULL_CONVERSION = YES;
				CLANG_WARN_OBJC_IMPLICIT_RETAIN_SELF = YES;
				CLANG_WARN_OBJC_LITERAL_CONVERSION = YES;
				CLANG_WARN_OBJC_ROOT_CLASS = YES_ERROR;
				CLANG_WARN_QUOTED_INCLUDE_IN_FRAMEWORK_HEADER = YES;
				CLANG_WARN_RANGE_LOOP_ANALYSIS = YES;
				CLANG_WARN_STRICT_PROTOTYPES = YES;
				CLANG_WARN_SUSPICIOUS_MOVE = YES;
				CLANG_WARN_UNGUARDED_AVAILABILITY = YES_AGGRESSIVE;
				CLANG_WARN_UNREACHABLE_CODE = YES;
				CLANG_WARN__DUPLICATE_METHOD_MATCH = YES;
				COPY_PHASE_STRIP = NO;
				DEBUG_INFORMATION_FORMAT = "dwarf-with-dsym";
				ENABLE_NS_ASSERTIONS = NO;
				ENABLE_STRICT_OBJC_MSGSEND = YES;
				GCC_C_LANGUAGE_STANDARD = gnu11;
				GCC_NO_COMMON_BLOCKS = YES;
				GCC_WARN_64_TO_32_BIT_CONVERSION = YES;
				GCC_WARN_ABOUT_RETURN_TYPE = YES_ERROR;
				GCC_WARN_UNDECLARED_SELECTOR = YES;
				GCC_WARN_UNINITIALIZED_AUTOS = YES_AGGRESSIVE;
				GCC_WARN_UNUSED_FUNCTION = YES;
				GCC_WARN_UNUSED_VARIABLE = YES;
				IPHONEOS_DEPLOYMENT_TARGET = 16.2;
				MTL_ENABLE_DEBUG_INFO = NO;
				MTL_FAST_MATH = YES;
				SDKROOT = iphoneos;
				SWIFT_COMPILATION_MODE = wholemodule;
				SWIFT_OPTIMIZATION_LEVEL = "-O";
				VALIDATE_PRODUCT = YES;
			};
			name = Release;
		};
		7E3B0F0A29AB70F9004219B7 /* Debug */ = {
			isa = XCBuildConfiguration;
			buildSettings = {
				ASSETCATALOG_COMPILER_APPICON_NAME = AppIcon;
				ASSETCATALOG_COMPILER_GLOBAL_ACCENT_COLOR_NAME = AccentColor;
				CODE_SIGN_STYLE = Automatic;
				CURRENT_PROJECT_VERSION = 1;
				DEVELOPMENT_ASSET_PATHS = "\"LebenInDeutschland/Preview Content\"";
				DEVELOPMENT_TEAM = SCDM9CKQMB;
				ENABLE_PREVIEWS = YES;
				GENERATE_INFOPLIST_FILE = YES;
				INFOPLIST_KEY_UIApplicationSceneManifest_Generation = YES;
				INFOPLIST_KEY_UIApplicationSupportsIndirectInputEvents = YES;
				INFOPLIST_KEY_UILaunchScreen_Generation = YES;
				INFOPLIST_KEY_UISupportedInterfaceOrientations_iPad = "UIInterfaceOrientationPortrait UIInterfaceOrientationPortraitUpsideDown UIInterfaceOrientationLandscapeLeft UIInterfaceOrientationLandscapeRight";
				INFOPLIST_KEY_UISupportedInterfaceOrientations_iPhone = "UIInterfaceOrientationPortrait UIInterfaceOrientationLandscapeLeft UIInterfaceOrientationLandscapeRight";
				LD_RUNPATH_SEARCH_PATHS = (
					"$(inherited)",
					"@executable_path/Frameworks",
				);
				MARKETING_VERSION = 1.0;
				PRODUCT_BUNDLE_IDENTIFIER = io.github.jhnplotim.LebenInDeutschland;
				PRODUCT_NAME = "$(TARGET_NAME)";
				SWIFT_EMIT_LOC_STRINGS = YES;
				SWIFT_VERSION = 5.0;
				TARGETED_DEVICE_FAMILY = "1,2";
			};
			name = Debug;
		};
		7E3B0F0B29AB70F9004219B7 /* Release */ = {
			isa = XCBuildConfiguration;
			buildSettings = {
				ASSETCATALOG_COMPILER_APPICON_NAME = AppIcon;
				ASSETCATALOG_COMPILER_GLOBAL_ACCENT_COLOR_NAME = AccentColor;
				CODE_SIGN_STYLE = Automatic;
				CURRENT_PROJECT_VERSION = 1;
				DEVELOPMENT_ASSET_PATHS = "\"LebenInDeutschland/Preview Content\"";
				DEVELOPMENT_TEAM = SCDM9CKQMB;
				ENABLE_PREVIEWS = YES;
				GENERATE_INFOPLIST_FILE = YES;
				INFOPLIST_KEY_UIApplicationSceneManifest_Generation = YES;
				INFOPLIST_KEY_UIApplicationSupportsIndirectInputEvents = YES;
				INFOPLIST_KEY_UILaunchScreen_Generation = YES;
				INFOPLIST_KEY_UISupportedInterfaceOrientations_iPad = "UIInterfaceOrientationPortrait UIInterfaceOrientationPortraitUpsideDown UIInterfaceOrientationLandscapeLeft UIInterfaceOrientationLandscapeRight";
				INFOPLIST_KEY_UISupportedInterfaceOrientations_iPhone = "UIInterfaceOrientationPortrait UIInterfaceOrientationLandscapeLeft UIInterfaceOrientationLandscapeRight";
				LD_RUNPATH_SEARCH_PATHS = (
					"$(inherited)",
					"@executable_path/Frameworks",
				);
				MARKETING_VERSION = 1.0;
				PRODUCT_BUNDLE_IDENTIFIER = io.github.jhnplotim.LebenInDeutschland;
				PRODUCT_NAME = "$(TARGET_NAME)";
				SWIFT_EMIT_LOC_STRINGS = YES;
				SWIFT_VERSION = 5.0;
				TARGETED_DEVICE_FAMILY = "1,2";
			};
			name = Release;
		};
/* End XCBuildConfiguration section */

/* Begin XCConfigurationList section */
		7E3B0EF629AB70F8004219B7 /* Build configuration list for PBXProject "LebenInDeutschland" */ = {
			isa = XCConfigurationList;
			buildConfigurations = (
				7E3B0F0729AB70F9004219B7 /* Debug */,
				7E3B0F0829AB70F9004219B7 /* Release */,
			);
			defaultConfigurationIsVisible = 0;
			defaultConfigurationName = Release;
		};
		7E3B0F0929AB70F9004219B7 /* Build configuration list for PBXNativeTarget "LebenInDeutschland" */ = {
			isa = XCConfigurationList;
			buildConfigurations = (
				7E3B0F0A29AB70F9004219B7 /* Debug */,
				7E3B0F0B29AB70F9004219B7 /* Release */,
			);
			defaultConfigurationIsVisible = 0;
			defaultConfigurationName = Release;
		};
/* End XCConfigurationList section */

/* Begin XCRemoteSwiftPackageReference section */
		DA1426F629B2346100846A29 /* XCRemoteSwiftPackageReference "lottie-ios" */ = {
			isa = XCRemoteSwiftPackageReference;
			repositoryURL = "https://github.com/airbnb/lottie-ios";
			requirement = {
				kind = upToNextMajorVersion;
				minimumVersion = 4.0.0;
			};
		};
/* End XCRemoteSwiftPackageReference section */

/* Begin XCSwiftPackageProductDependency section */
		DA1426F729B2346100846A29 /* Lottie */ = {
			isa = XCSwiftPackageProductDependency;
			package = DA1426F629B2346100846A29 /* XCRemoteSwiftPackageReference "lottie-ios" */;
			productName = Lottie;
		};
/* End XCSwiftPackageProductDependency section */
	};
	rootObject = 7E3B0EF329AB70F8004219B7 /* Project object */;
}
